# generated by rye
# use `rye lock` or `rye sync` to update this lockfile
#
# last locked with the following flags:
#   pre: false
#   features: []
#   all-features: false
#   with-sources: false
#   generate-hashes: false
#   universal: false

-e file:.
annotated-types==0.7.0
    # via pydantic
click==8.2.0
    # via typer
dotenv==0.9.9
    # via resights-ownership-structure-calculator
markdown-it-py==3.0.0
    # via rich
mdurl==0.1.2
    # via markdown-it-py
mypy==1.15.0
    # via resights-ownership-structure-calculator
mypy-extensions==1.1.0
    # via mypy
orjson==3.10.18
    # via resights-ownership-structure-calculator
pydantic==2.11.4
    # via resights-ownership-structure-calculator
pydantic-core==2.33.2
    # via pydantic
pygments==2.19.1
    # via rich
python-dotenv==1.1.0
    # via dotenv
rich==14.0.0
    # via typer
shellingham==1.5.4
    # via typer
typer==0.15.3
    # via resights-ownership-structure-calculator
typing-extensions==4.13.2
    # via mypy
    # via pydantic
    # via pydantic-core
    # via typer
    # via typing-inspection
typing-inspection==0.4.0
    # via pydantic
